
Microsoft Visual Studio Solution File, Format Version 12.00
# Visual Studio Version 17
VisualStudioVersion = 17.12.35527.113
MinimumVisualStudioVersion = 10.0.40219.1
Project("{FAE04EC0-301F-11D3-BF4B-00C04F79EFBC}") = "ClinicaSanJuan", "ClinicaSanJuan\ClinicaSanJuan.csproj", "{C386E1D2-9D93-42B3-B681-2F353371D51E}"
EndProject
Project("{FAE04EC0-301F-11D3-BF4B-00C04F79EFBC}") = "BCSanJuan", "BCSanJuan\BCSanJuan.csproj", "{121C2F39-BB93-4F6B-ADF8-3AEB9F3737D8}"
EndProject
Global
	GlobalSection(SolutionConfigurationPlatforms) = preSolution
		Debug|Any CPU = Debug|Any CPU
		Release|Any CPU = Release|Any CPU
	EndGlobalSection
	GlobalSection(ProjectConfigurationPlatforms) = postSolution
		{C386E1D2-9D93-42B3-B681-2F353371D51E}.Debug|Any CPU.ActiveCfg = Debug|Any CPU
		{C386E1D2-9D93-42B3-B681-2F353371D51E}.Debug|Any CPU.Build.0 = Debug|Any CPU
		{C386E1D2-9D93-42B3-B681-2F353371D51E}.Release|Any CPU.ActiveCfg = Release|Any CPU
		{C386E1D2-9D93-42B3-B681-2F353371D51E}.Release|Any CPU.Build.0 = Release|Any CPU
		{121C2F39-BB93-4F6B-ADF8-3AEB9F3737D8}.Debug|Any CPU.ActiveCfg = Debug|Any CPU
		{121C2F39-BB93-4F6B-ADF8-3AEB9F3737D8}.Debug|Any CPU.Build.0 = Debug|Any CPU
		{121C2F39-BB93-4F6B-ADF8-3AEB9F3737D8}.Release|Any CPU.ActiveCfg = Release|Any CPU
		{121C2F39-BB93-4F6B-ADF8-3AEB9F3737D8}.Release|Any CPU.Build.0 = Release|Any CPU
	EndGlobalSection
	GlobalSection(SolutionProperties) = preSolution
		HideSolutionNode = FALSE
	EndGlobalSection
EndGlobal
